
Microsoft Visual Studio Solution File, Format Version 12.00
# Visual Studio Version 16
VisualStudioVersion = 16.0.29411.108
MinimumVisualStudioVersion = 10.0.40219.1
Project("{9A19103F-16F7-4668-BE54-9A1E7A4F7556}") = "ExpenseTracker.Web.Api", "ExpenseTracker.Web.Api\ExpenseTracker.Web.Api.csproj", "{27B06A8C-E79C-4035-8D82-50E9E0447867}"
EndProject
Project("{2150E333-8FDC-42A3-9474-1A3956D46DE8}") = "API", "API", "{629898C8-F518-4C1D-848E-44E2AB716712}"
EndProject
Project("{2150E333-8FDC-42A3-9474-1A3956D46DE8}") = "Test", "Test", "{5E188693-ADF8-4FBF-B852-1DF9F97EE2B5}"
EndProject
Project("{2150E333-8FDC-42A3-9474-1A3956D46DE8}") = "Persistence", "Persistence", "{5FEAB343-A80D-4C07-9CC5-A7D74D9D2BA2}"
EndProject
Project("{9A19103F-16F7-4668-BE54-9A1E7A4F7556}") = "ExpenseTracker.Persistence", "ExpenseTracker.Persistence\ExpenseTracker.Persistence.csproj", "{949DB279-C0FA-4B51-8356-7EE03E131DFA}"
EndProject
Global
	GlobalSection(SolutionConfigurationPlatforms) = preSolution
		Debug|Any CPU = Debug|Any CPU
		Release|Any CPU = Release|Any CPU
	EndGlobalSection
	GlobalSection(ProjectConfigurationPlatforms) = postSolution
		{27B06A8C-E79C-4035-8D82-50E9E0447867}.Debug|Any CPU.ActiveCfg = Debug|Any CPU
		{27B06A8C-E79C-4035-8D82-50E9E0447867}.Debug|Any CPU.Build.0 = Debug|Any CPU
		{27B06A8C-E79C-4035-8D82-50E9E0447867}.Release|Any CPU.ActiveCfg = Release|Any CPU
		{27B06A8C-E79C-4035-8D82-50E9E0447867}.Release|Any CPU.Build.0 = Release|Any CPU
		{949DB279-C0FA-4B51-8356-7EE03E131DFA}.Debug|Any CPU.ActiveCfg = Debug|Any CPU
		{949DB279-C0FA-4B51-8356-7EE03E131DFA}.Debug|Any CPU.Build.0 = Debug|Any CPU
		{949DB279-C0FA-4B51-8356-7EE03E131DFA}.Release|Any CPU.ActiveCfg = Release|Any CPU
		{949DB279-C0FA-4B51-8356-7EE03E131DFA}.Release|Any CPU.Build.0 = Release|Any CPU
	EndGlobalSection
	GlobalSection(SolutionProperties) = preSolution
		HideSolutionNode = FALSE
	EndGlobalSection
	GlobalSection(NestedProjects) = preSolution
		{27B06A8C-E79C-4035-8D82-50E9E0447867} = {629898C8-F518-4C1D-848E-44E2AB716712}
		{949DB279-C0FA-4B51-8356-7EE03E131DFA} = {5FEAB343-A80D-4C07-9CC5-A7D74D9D2BA2}
	EndGlobalSection
	GlobalSection(ExtensibilityGlobals) = postSolution
		SolutionGuid = {0EC0C57F-24C5-4792-AEFD-90F35AA73FF0}
	EndGlobalSection
EndGlobal
